
Microsoft Visual Studio Solution File, Format Version 12.00
# Visual Studio Version 17
VisualStudioVersion = 17.14.36401.2 d17.14
MinimumVisualStudioVersion = 10.0.40219.1
Project("{8BC9CEB8-8B4A-11D0-8D11-00A0C91BC942}") = "Binary Tree Postorder Traversal", "Binary Tree Postorder Traversal\Binary Tree Postorder Traversal.vcxproj", "{59EA5F3C-50ED-40B1-BF46-43D8F3DF43DA}"
EndProject
Global
	GlobalSection(SolutionConfigurationPlatforms) = preSolution
		Debug|x64 = Debug|x64
		Debug|x86 = Debug|x86
		Release|x64 = Release|x64
		Release|x86 = Release|x86
	EndGlobalSection
	GlobalSection(ProjectConfigurationPlatforms) = postSolution
		{59EA5F3C-50ED-40B1-BF46-43D8F3DF43DA}.Debug|x64.ActiveCfg = Debug|x64
		{59EA5F3C-50ED-40B1-BF46-43D8F3DF43DA}.Debug|x64.Build.0 = Debug|x64
		{59EA5F3C-50ED-40B1-BF46-43D8F3DF43DA}.Debug|x86.ActiveCfg = Debug|Win32
		{59EA5F3C-50ED-40B1-BF46-43D8F3DF43DA}.Debug|x86.Build.0 = Debug|Win32
		{59EA5F3C-50ED-40B1-BF46-43D8F3DF43DA}.Release|x64.ActiveCfg = Release|x64
		{59EA5F3C-50ED-40B1-BF46-43D8F3DF43DA}.Release|x64.Build.0 = Release|x64
		{59EA5F3C-50ED-40B1-BF46-43D8F3DF43DA}.Release|x86.ActiveCfg = Release|Win32
		{59EA5F3C-50ED-40B1-BF46-43D8F3DF43DA}.Release|x86.Build.0 = Release|Win32
	EndGlobalSection
	GlobalSection(SolutionProperties) = preSolution
		HideSolutionNode = FALSE
	EndGlobalSection
	GlobalSection(ExtensibilityGlobals) = postSolution
		SolutionGuid = {7859289A-ECB6-4BD9-990D-B55D4D03B10E}
	EndGlobalSection
EndGlobal
