
Microsoft Visual Studio Solution File, Format Version 12.00
# Visual Studio Version 17
VisualStudioVersion = 17.14.36202.13 d17.14
MinimumVisualStudioVersion = 10.0.40219.1
Project("{8BC9CEB8-8B4A-11D0-8D11-00A0C91BC942}") = "Cicular linked  list", "Cicular linked  list\Cicular linked  list.vcxproj", "{CA2B9FEA-3CA7-4164-A1C3-C241442D5BB9}"
EndProject
Global
	GlobalSection(SolutionConfigurationPlatforms) = preSolution
		Debug|x64 = Debug|x64
		Debug|x86 = Debug|x86
		Release|x64 = Release|x64
		Release|x86 = Release|x86
	EndGlobalSection
	GlobalSection(ProjectConfigurationPlatforms) = postSolution
		{CA2B9FEA-3CA7-4164-A1C3-C241442D5BB9}.Debug|x64.ActiveCfg = Debug|x64
		{CA2B9FEA-3CA7-4164-A1C3-C241442D5BB9}.Debug|x64.Build.0 = Debug|x64
		{CA2B9FEA-3CA7-4164-A1C3-C241442D5BB9}.Debug|x86.ActiveCfg = Debug|Win32
		{CA2B9FEA-3CA7-4164-A1C3-C241442D5BB9}.Debug|x86.Build.0 = Debug|Win32
		{CA2B9FEA-3CA7-4164-A1C3-C241442D5BB9}.Release|x64.ActiveCfg = Release|x64
		{CA2B9FEA-3CA7-4164-A1C3-C241442D5BB9}.Release|x64.Build.0 = Release|x64
		{CA2B9FEA-3CA7-4164-A1C3-C241442D5BB9}.Release|x86.ActiveCfg = Release|Win32
		{CA2B9FEA-3CA7-4164-A1C3-C241442D5BB9}.Release|x86.Build.0 = Release|Win32
	EndGlobalSection
	GlobalSection(SolutionProperties) = preSolution
		HideSolutionNode = FALSE
	EndGlobalSection
	GlobalSection(ExtensibilityGlobals) = postSolution
		SolutionGuid = {E4EF71B1-6268-4FDA-B008-977352BD3CF9}
	EndGlobalSection
EndGlobal
